
Microsoft Visual Studio Solution File, Format Version 12.00
# Visual Studio Version 17
VisualStudioVersion = 17.5.33502.453
MinimumVisualStudioVersion = 10.0.40219.1
Project("{FAE04EC0-301F-11D3-BF4B-00C04F79EFBC}") = "AddressBook", "AddressBook.csproj", "{81A90BFB-C1A1-4194-A9CB-29768658AE27}"
EndProject
Global
	GlobalSection(SolutionConfigurationPlatforms) = preSolution
		Debug|Any CPU = Debug|Any CPU
		Release|Any CPU = Release|Any CPU
	EndGlobalSection
	GlobalSection(ProjectConfigurationPlatforms) = postSolution
		{81A90BFB-C1A1-4194-A9CB-29768658AE27}.Debug|Any CPU.ActiveCfg = Debug|Any CPU
		{81A90BFB-C1A1-4194-A9CB-29768658AE27}.Debug|Any CPU.Build.0 = Debug|Any CPU
		{81A90BFB-C1A1-4194-A9CB-29768658AE27}.Release|Any CPU.ActiveCfg = Release|Any CPU
		{81A90BFB-C1A1-4194-A9CB-29768658AE27}.Release|Any CPU.Build.0 = Release|Any CPU
	EndGlobalSection
	GlobalSection(SolutionProperties) = preSolution
		HideSolutionNode = FALSE
	EndGlobalSection
	GlobalSection(ExtensibilityGlobals) = postSolution
		SolutionGuid = {0B07B548-6931-4C3F-9AD5-90BB97940DCF}
	EndGlobalSection
EndGlobal
