
Microsoft Visual Studio Solution File, Format Version 12.00
# Visual Studio Version 17
VisualStudioVersion = 17.5.33502.453
MinimumVisualStudioVersion = 10.0.40219.1
Project("{FAE04EC0-301F-11D3-BF4B-00C04F79EFBC}") = "AddressBook", "AddressBook.csproj", "{01715F8A-D5F8-4F0F-87D7-FBB3C6E0190E}"
EndProject
Global
	GlobalSection(SolutionConfigurationPlatforms) = preSolution
		Debug|Any CPU = Debug|Any CPU
		Release|Any CPU = Release|Any CPU
	EndGlobalSection
	GlobalSection(ProjectConfigurationPlatforms) = postSolution
		{01715F8A-D5F8-4F0F-87D7-FBB3C6E0190E}.Debug|Any CPU.ActiveCfg = Debug|Any CPU
		{01715F8A-D5F8-4F0F-87D7-FBB3C6E0190E}.Debug|Any CPU.Build.0 = Debug|Any CPU
		{01715F8A-D5F8-4F0F-87D7-FBB3C6E0190E}.Release|Any CPU.ActiveCfg = Release|Any CPU
		{01715F8A-D5F8-4F0F-87D7-FBB3C6E0190E}.Release|Any CPU.Build.0 = Release|Any CPU
	EndGlobalSection
	GlobalSection(SolutionProperties) = preSolution
		HideSolutionNode = FALSE
	EndGlobalSection
	GlobalSection(ExtensibilityGlobals) = postSolution
		SolutionGuid = {7FC1D435-DC06-4638-945A-6613FD400437}
	EndGlobalSection
EndGlobal
